
Microsoft Visual Studio Solution File, Format Version 11.00
# Visual Studio 2010
Project("{FAE04EC0-301F-11D3-BF4B-00C04F79EFBC}") = "Assembly-CSharp", "Assembly-CSharp.csproj", "{d596737f-5e2b-7b04-ff11-df79ff3e780e}"
EndProject
Project("{FAE04EC0-301F-11D3-BF4B-00C04F79EFBC}") = "Assembly-CSharp-firstpass", "Assembly-CSharp-firstpass.csproj", "{e5ffa097-ddbe-0011-4850-7f53c285c625}"
EndProject
Global
	GlobalSection(SolutionConfigurationPlatforms) = preSolution
		Debug|Any CPU = Debug|Any CPU
		Release|Any CPU = Release|Any CPU
	EndGlobalSection
	GlobalSection(ProjectConfigurationPlatforms) = postSolution
		{d596737f-5e2b-7b04-ff11-df79ff3e780e}.Debug|Any CPU.ActiveCfg = Debug|Any CPU
		{d596737f-5e2b-7b04-ff11-df79ff3e780e}.Debug|Any CPU.Build.0 = Debug|Any CPU
		{d596737f-5e2b-7b04-ff11-df79ff3e780e}.Release|Any CPU.ActiveCfg = Release|Any CPU
		{d596737f-5e2b-7b04-ff11-df79ff3e780e}.Release|Any CPU.Build.0 = Release|Any CPU
		{e5ffa097-ddbe-0011-4850-7f53c285c625}.Debug|Any CPU.ActiveCfg = Debug|Any CPU
		{e5ffa097-ddbe-0011-4850-7f53c285c625}.Debug|Any CPU.Build.0 = Debug|Any CPU
		{e5ffa097-ddbe-0011-4850-7f53c285c625}.Release|Any CPU.ActiveCfg = Release|Any CPU
		{e5ffa097-ddbe-0011-4850-7f53c285c625}.Release|Any CPU.Build.0 = Release|Any CPU
	EndGlobalSection
	GlobalSection(SolutionProperties) = preSolution
		HideSolutionNode = FALSE
	EndGlobalSection
EndGlobal
